
Microsoft Visual Studio Solution File, Format Version 11.00
# Visual Studio 2010
Project("{FAE04EC0-301F-11D3-BF4B-00C04F79EFBC}") = "UnityEngine.TestRunner", "UnityEngine.TestRunner.csproj", "{3213a0c2-9b27-d7fa-b397-418881645df7}"
EndProject
Project("{FAE04EC0-301F-11D3-BF4B-00C04F79EFBC}") = "UnityEngine.UI", "UnityEngine.UI.csproj", "{e6f7af70-49ee-efe9-370b-5a9bb92da9af}"
EndProject
Project("{FAE04EC0-301F-11D3-BF4B-00C04F79EFBC}") = "Unity.VisualScripting.Flow", "Unity.VisualScripting.Flow.csproj", "{e989889d-6149-afa5-e2ac-559e92502f94}"
EndProject
Project("{FAE04EC0-301F-11D3-BF4B-00C04F79EFBC}") = "Unity.VisualScripting.State", "Unity.VisualScripting.State.csproj", "{5e1f80a9-f8b8-b24c-9115-fec56c974ef6}"
EndProject
Project("{FAE04EC0-301F-11D3-BF4B-00C04F79EFBC}") = "Unity.VisualScripting.Core", "Unity.VisualScripting.Core.csproj", "{437d0cb5-c513-bdc1-5fea-7a5782a13d7a}"
EndProject
Project("{FAE04EC0-301F-11D3-BF4B-00C04F79EFBC}") = "Unity.TextMeshPro", "Unity.TextMeshPro.csproj", "{f342d88c-f66b-5faa-f36c-81c6ccd252ef}"
EndProject
Project("{FAE04EC0-301F-11D3-BF4B-00C04F79EFBC}") = "Unity.Timeline", "Unity.Timeline.csproj", "{f169a7f2-c71f-e7b1-92af-1782fddc86e7}"
EndProject
Project("{FAE04EC0-301F-11D3-BF4B-00C04F79EFBC}") = "Assembly-CSharp", "Assembly-CSharp.csproj", "{429310a6-ac8f-b702-650a-31e9e54427f6}"
EndProject
Project("{FAE04EC0-301F-11D3-BF4B-00C04F79EFBC}") = "Unity.PlasticSCM.Editor", "Unity.PlasticSCM.Editor.csproj", "{abf4bf35-711a-90eb-7de2-edb586923789}"
EndProject
Project("{FAE04EC0-301F-11D3-BF4B-00C04F79EFBC}") = "Unity.VisualScripting.Core.Editor", "Unity.VisualScripting.Core.Editor.csproj", "{4d486990-8e3d-4e13-f034-c56711ee9b09}"
EndProject
Project("{FAE04EC0-301F-11D3-BF4B-00C04F79EFBC}") = "Unity.VisualScripting.Flow.Editor", "Unity.VisualScripting.Flow.Editor.csproj", "{b30d6ed5-7f53-a623-b16d-f74094ff6dd6}"
EndProject
Project("{FAE04EC0-301F-11D3-BF4B-00C04F79EFBC}") = "Unity.VisualStudio.Editor", "Unity.VisualStudio.Editor.csproj", "{715987d4-8872-49c5-ffdd-f6e035d648b6}"
EndProject
Project("{FAE04EC0-301F-11D3-BF4B-00C04F79EFBC}") = "Unity.Timeline.Editor", "Unity.Timeline.Editor.csproj", "{f6753388-7d1f-6904-25c9-244d90d86595}"
EndProject
Project("{FAE04EC0-301F-11D3-BF4B-00C04F79EFBC}") = "Unity.VisualScripting.State.Editor", "Unity.VisualScripting.State.Editor.csproj", "{503e427a-03ce-bfb4-7115-7305de927caf}"
EndProject
Project("{FAE04EC0-301F-11D3-BF4B-00C04F79EFBC}") = "Unity.TextMeshPro.Editor", "Unity.TextMeshPro.Editor.csproj", "{208cc54f-d435-fd93-c90f-a3f10f835fb1}"
EndProject
Project("{FAE04EC0-301F-11D3-BF4B-00C04F79EFBC}") = "Unity.VisualScripting.SettingsProvider.Editor", "Unity.VisualScripting.SettingsProvider.Editor.csproj", "{30d59a9d-eab2-762e-da83-9fcacd09b421}"
EndProject
Project("{FAE04EC0-301F-11D3-BF4B-00C04F79EFBC}") = "UnityEditor.TestRunner", "UnityEditor.TestRunner.csproj", "{f5d7f9fe-30bf-a432-930a-f0143f12ace2}"
EndProject
Project("{FAE04EC0-301F-11D3-BF4B-00C04F79EFBC}") = "Unity.TestTools.CodeCoverage.Editor", "Unity.TestTools.CodeCoverage.Editor.csproj", "{d394c64f-0708-8b30-7d9a-b34de602f36c}"
EndProject
Project("{FAE04EC0-301F-11D3-BF4B-00C04F79EFBC}") = "Unity.Rider.Editor", "Unity.Rider.Editor.csproj", "{f977ec2d-ca68-9983-0024-36ed5afb01d7}"
EndProject
Project("{FAE04EC0-301F-11D3-BF4B-00C04F79EFBC}") = "Unity.Performance.Profile-Analyzer.Editor", "Unity.Performance.Profile-Analyzer.Editor.csproj", "{6fec49ba-f219-bc17-398a-4a1893698830}"
EndProject
Project("{FAE04EC0-301F-11D3-BF4B-00C04F79EFBC}") = "Unity.VSCode.Editor", "Unity.VSCode.Editor.csproj", "{e53121be-8ad8-6627-7fc5-3693eb83df25}"
EndProject
Project("{FAE04EC0-301F-11D3-BF4B-00C04F79EFBC}") = "UnityEditor.UI", "UnityEditor.UI.csproj", "{b571e6c6-53cb-98de-7ac6-a2c12f39de82}"
EndProject
Project("{FAE04EC0-301F-11D3-BF4B-00C04F79EFBC}") = "Unity.TestTools.CodeCoverage.Editor.OpenCover.Model", "Unity.TestTools.CodeCoverage.Editor.OpenCover.Model.csproj", "{469e48cc-33fb-b266-cf73-c5ed1f4c9c66}"
EndProject
Project("{FAE04EC0-301F-11D3-BF4B-00C04F79EFBC}") = "Unity.EditorCoroutines.Editor", "Unity.EditorCoroutines.Editor.csproj", "{dd6e156c-b772-764c-5d38-3dee835caf9d}"
EndProject
Project("{FAE04EC0-301F-11D3-BF4B-00C04F79EFBC}") = "Unity.Settings.Editor", "Unity.Settings.Editor.csproj", "{49024d90-8d20-18a0-7398-a75934ea72b4}"
EndProject
Project("{FAE04EC0-301F-11D3-BF4B-00C04F79EFBC}") = "Unity.CollabProxy.Editor", "Unity.CollabProxy.Editor.csproj", "{12bca05b-c569-3a56-5140-2b01b0c19924}"
EndProject
Project("{FAE04EC0-301F-11D3-BF4B-00C04F79EFBC}") = "Unity.TestTools.CodeCoverage.Editor.OpenCover.Mono.Reflection", "Unity.TestTools.CodeCoverage.Editor.OpenCover.Mono.Reflection.csproj", "{e37a8c6f-1648-78dd-4e6f-3ed6fd29e8ae}"
EndProject
Project("{FAE04EC0-301F-11D3-BF4B-00C04F79EFBC}") = "Unity.VisualScripting.Shared.Editor", "Unity.VisualScripting.Shared.Editor.csproj", "{c3a365de-5a32-ce6b-57b6-f7aeaaddaac7}"
EndProject
Global
	GlobalSection(SolutionConfigurationPlatforms) = preSolution
		Debug|Any CPU = Debug|Any CPU
	EndGlobalSection
	GlobalSection(ProjectConfigurationPlatforms) = postSolution
		{3213a0c2-9b27-d7fa-b397-418881645df7}.Debug|Any CPU.ActiveCfg = Debug|Any CPU
		{3213a0c2-9b27-d7fa-b397-418881645df7}.Debug|Any CPU.Build.0 = Debug|Any CPU
		{e6f7af70-49ee-efe9-370b-5a9bb92da9af}.Debug|Any CPU.ActiveCfg = Debug|Any CPU
		{e6f7af70-49ee-efe9-370b-5a9bb92da9af}.Debug|Any CPU.Build.0 = Debug|Any CPU
		{e989889d-6149-afa5-e2ac-559e92502f94}.Debug|Any CPU.ActiveCfg = Debug|Any CPU
		{e989889d-6149-afa5-e2ac-559e92502f94}.Debug|Any CPU.Build.0 = Debug|Any CPU
		{5e1f80a9-f8b8-b24c-9115-fec56c974ef6}.Debug|Any CPU.ActiveCfg = Debug|Any CPU
		{5e1f80a9-f8b8-b24c-9115-fec56c974ef6}.Debug|Any CPU.Build.0 = Debug|Any CPU
		{437d0cb5-c513-bdc1-5fea-7a5782a13d7a}.Debug|Any CPU.ActiveCfg = Debug|Any CPU
		{437d0cb5-c513-bdc1-5fea-7a5782a13d7a}.Debug|Any CPU.Build.0 = Debug|Any CPU
		{f342d88c-f66b-5faa-f36c-81c6ccd252ef}.Debug|Any CPU.ActiveCfg = Debug|Any CPU
		{f342d88c-f66b-5faa-f36c-81c6ccd252ef}.Debug|Any CPU.Build.0 = Debug|Any CPU
		{f169a7f2-c71f-e7b1-92af-1782fddc86e7}.Debug|Any CPU.ActiveCfg = Debug|Any CPU
		{f169a7f2-c71f-e7b1-92af-1782fddc86e7}.Debug|Any CPU.Build.0 = Debug|Any CPU
		{429310a6-ac8f-b702-650a-31e9e54427f6}.Debug|Any CPU.ActiveCfg = Debug|Any CPU
		{429310a6-ac8f-b702-650a-31e9e54427f6}.Debug|Any CPU.Build.0 = Debug|Any CPU
		{abf4bf35-711a-90eb-7de2-edb586923789}.Debug|Any CPU.ActiveCfg = Debug|Any CPU
		{abf4bf35-711a-90eb-7de2-edb586923789}.Debug|Any CPU.Build.0 = Debug|Any CPU
		{4d486990-8e3d-4e13-f034-c56711ee9b09}.Debug|Any CPU.ActiveCfg = Debug|Any CPU
		{4d486990-8e3d-4e13-f034-c56711ee9b09}.Debug|Any CPU.Build.0 = Debug|Any CPU
		{b30d6ed5-7f53-a623-b16d-f74094ff6dd6}.Debug|Any CPU.ActiveCfg = Debug|Any CPU
		{b30d6ed5-7f53-a623-b16d-f74094ff6dd6}.Debug|Any CPU.Build.0 = Debug|Any CPU
		{715987d4-8872-49c5-ffdd-f6e035d648b6}.Debug|Any CPU.ActiveCfg = Debug|Any CPU
		{715987d4-8872-49c5-ffdd-f6e035d648b6}.Debug|Any CPU.Build.0 = Debug|Any CPU
		{f6753388-7d1f-6904-25c9-244d90d86595}.Debug|Any CPU.ActiveCfg = Debug|Any CPU
		{f6753388-7d1f-6904-25c9-244d90d86595}.Debug|Any CPU.Build.0 = Debug|Any CPU
		{503e427a-03ce-bfb4-7115-7305de927caf}.Debug|Any CPU.ActiveCfg = Debug|Any CPU
		{503e427a-03ce-bfb4-7115-7305de927caf}.Debug|Any CPU.Build.0 = Debug|Any CPU
		{208cc54f-d435-fd93-c90f-a3f10f835fb1}.Debug|Any CPU.ActiveCfg = Debug|Any CPU
		{208cc54f-d435-fd93-c90f-a3f10f835fb1}.Debug|Any CPU.Build.0 = Debug|Any CPU
		{30d59a9d-eab2-762e-da83-9fcacd09b421}.Debug|Any CPU.ActiveCfg = Debug|Any CPU
		{30d59a9d-eab2-762e-da83-9fcacd09b421}.Debug|Any CPU.Build.0 = Debug|Any CPU
		{f5d7f9fe-30bf-a432-930a-f0143f12ace2}.Debug|Any CPU.ActiveCfg = Debug|Any CPU
		{f5d7f9fe-30bf-a432-930a-f0143f12ace2}.Debug|Any CPU.Build.0 = Debug|Any CPU
		{d394c64f-0708-8b30-7d9a-b34de602f36c}.Debug|Any CPU.ActiveCfg = Debug|Any CPU
		{d394c64f-0708-8b30-7d9a-b34de602f36c}.Debug|Any CPU.Build.0 = Debug|Any CPU
		{f977ec2d-ca68-9983-0024-36ed5afb01d7}.Debug|Any CPU.ActiveCfg = Debug|Any CPU
		{f977ec2d-ca68-9983-0024-36ed5afb01d7}.Debug|Any CPU.Build.0 = Debug|Any CPU
		{6fec49ba-f219-bc17-398a-4a1893698830}.Debug|Any CPU.ActiveCfg = Debug|Any CPU
		{6fec49ba-f219-bc17-398a-4a1893698830}.Debug|Any CPU.Build.0 = Debug|Any CPU
		{e53121be-8ad8-6627-7fc5-3693eb83df25}.Debug|Any CPU.ActiveCfg = Debug|Any CPU
		{e53121be-8ad8-6627-7fc5-3693eb83df25}.Debug|Any CPU.Build.0 = Debug|Any CPU
		{b571e6c6-53cb-98de-7ac6-a2c12f39de82}.Debug|Any CPU.ActiveCfg = Debug|Any CPU
		{b571e6c6-53cb-98de-7ac6-a2c12f39de82}.Debug|Any CPU.Build.0 = Debug|Any CPU
		{469e48cc-33fb-b266-cf73-c5ed1f4c9c66}.Debug|Any CPU.ActiveCfg = Debug|Any CPU
		{469e48cc-33fb-b266-cf73-c5ed1f4c9c66}.Debug|Any CPU.Build.0 = Debug|Any CPU
		{dd6e156c-b772-764c-5d38-3dee835caf9d}.Debug|Any CPU.ActiveCfg = Debug|Any CPU
		{dd6e156c-b772-764c-5d38-3dee835caf9d}.Debug|Any CPU.Build.0 = Debug|Any CPU
		{49024d90-8d20-18a0-7398-a75934ea72b4}.Debug|Any CPU.ActiveCfg = Debug|Any CPU
		{49024d90-8d20-18a0-7398-a75934ea72b4}.Debug|Any CPU.Build.0 = Debug|Any CPU
		{12bca05b-c569-3a56-5140-2b01b0c19924}.Debug|Any CPU.ActiveCfg = Debug|Any CPU
		{12bca05b-c569-3a56-5140-2b01b0c19924}.Debug|Any CPU.Build.0 = Debug|Any CPU
		{e37a8c6f-1648-78dd-4e6f-3ed6fd29e8ae}.Debug|Any CPU.ActiveCfg = Debug|Any CPU
		{e37a8c6f-1648-78dd-4e6f-3ed6fd29e8ae}.Debug|Any CPU.Build.0 = Debug|Any CPU
		{c3a365de-5a32-ce6b-57b6-f7aeaaddaac7}.Debug|Any CPU.ActiveCfg = Debug|Any CPU
		{c3a365de-5a32-ce6b-57b6-f7aeaaddaac7}.Debug|Any CPU.Build.0 = Debug|Any CPU
	EndGlobalSection
	GlobalSection(SolutionProperties) = preSolution
		HideSolutionNode = FALSE
	EndGlobalSection
EndGlobal
